
Microsoft Visual Studio Solution File, Format Version 12.00
# Visual Studio Version 17
VisualStudioVersion = 17.14.36408.4 d17.14
MinimumVisualStudioVersion = 10.0.40219.1
Project("{54A90642-561A-4BB1-A94E-469ADEE60C69}") = "todo.client", "todo.client\todo.client.esproj", "{9B5BBB73-3067-4CAA-6AA8-0463D382771A}"
EndProject
Project("{FAE04EC0-301F-11D3-BF4B-00C04F79EFBC}") = "todo.Server", "todo.Server\todo.Server.csproj", "{2FE5AFE0-6E32-44C7-BE36-C29A13FBA73B}"
EndProject
Global
	GlobalSection(SolutionConfigurationPlatforms) = preSolution
		Debug|Any CPU = Debug|Any CPU
		Release|Any CPU = Release|Any CPU
	EndGlobalSection
	GlobalSection(ProjectConfigurationPlatforms) = postSolution
		{9B5BBB73-3067-4CAA-6AA8-0463D382771A}.Debug|Any CPU.ActiveCfg = Debug|Any CPU
		{9B5BBB73-3067-4CAA-6AA8-0463D382771A}.Debug|Any CPU.Build.0 = Debug|Any CPU
		{9B5BBB73-3067-4CAA-6AA8-0463D382771A}.Debug|Any CPU.Deploy.0 = Debug|Any CPU
		{9B5BBB73-3067-4CAA-6AA8-0463D382771A}.Release|Any CPU.ActiveCfg = Release|Any CPU
		{9B5BBB73-3067-4CAA-6AA8-0463D382771A}.Release|Any CPU.Build.0 = Release|Any CPU
		{9B5BBB73-3067-4CAA-6AA8-0463D382771A}.Release|Any CPU.Deploy.0 = Release|Any CPU
		{2FE5AFE0-6E32-44C7-BE36-C29A13FBA73B}.Debug|Any CPU.ActiveCfg = Debug|Any CPU
		{2FE5AFE0-6E32-44C7-BE36-C29A13FBA73B}.Debug|Any CPU.Build.0 = Debug|Any CPU
		{2FE5AFE0-6E32-44C7-BE36-C29A13FBA73B}.Release|Any CPU.ActiveCfg = Release|Any CPU
		{2FE5AFE0-6E32-44C7-BE36-C29A13FBA73B}.Release|Any CPU.Build.0 = Release|Any CPU
	EndGlobalSection
	GlobalSection(SolutionProperties) = preSolution
		HideSolutionNode = FALSE
	EndGlobalSection
	GlobalSection(ExtensibilityGlobals) = postSolution
		SolutionGuid = {2C411923-D092-4106-8E34-50037DFE8D42}
	EndGlobalSection
EndGlobal
